schema: '2.0'
stages:
  split_data:
    cmd: python src/data/1_split_data.py data/raw/raw.csv data/processed_data
    deps:
    - path: data/raw/raw.csv
      hash: md5
      md5: 617b56af2992376d5c3e91ad80823898
      size: 333757
    - path: src/data/1_split_data.py
      hash: md5
      md5: dcdf7bbcc091fed5539cd3c0eba8ece6
      size: 610
    outs:
    - path: data/processed_data/X_test.csv
      hash: md5
      md5: b6c2910e3b3fc562c5b516b63fc3e22c
      size: 59909
    - path: data/processed_data/X_train.csv
      hash: md5
      md5: ef01f67c035349e375300528a99938f5
      size: 238533
    - path: data/processed_data/y_test.csv
      hash: md5
      md5: a051d29629c8bbb4cfb7e85c7f0315da
      size: 6456
    - path: data/processed_data/y_train.csv
      hash: md5
      md5: a9cd9d91da89f732843d72548f64ded3
      size: 25951
  normalize:
    cmd: python src/data/2_normalize_data.py data/processed_data 
      data/processed_data
    deps:
    - path: data/processed_data/X_test.csv
      hash: md5
      md5: b6c2910e3b3fc562c5b516b63fc3e22c
      size: 59909
    - path: data/processed_data/X_train.csv
      hash: md5
      md5: ef01f67c035349e375300528a99938f5
      size: 238533
    - path: src/data/2_normalize_data.py
      hash: md5
      md5: 91630a99d01416bdbec09a4a31b778d2
      size: 848
    outs:
    - path: data/processed_data/X_test_scaled.csv
      hash: md5
      md5: 96f236c2c80cd5ade20d673a7e9bf309
      size: 64311
    - path: data/processed_data/X_train_scaled.csv
      hash: md5
      md5: 2ae9ad49829e68d0be841d195f490fc0
      size: 256562
    - path: data/processed_data/scaler.pkl
      hash: md5
      md5: 264ab4b5592bef42c3b945f8cafaea38
      size: 1412
  tune_model:
    cmd: python src/models/3_tune_model.py data/processed_data 
      models/best_params.pkl
    deps:
    - path: data/processed_data/X_train_scaled.csv
      hash: md5
      md5: 2ae9ad49829e68d0be841d195f490fc0
      size: 256562
    - path: data/processed_data/y_train.csv
      hash: md5
      md5: a9cd9d91da89f732843d72548f64ded3
      size: 25951
    - path: src/models/3_tune_model.py
      hash: md5
      md5: b7cf354a056b9af905c477039da49efe
      size: 1488
    outs:
    - path: models/best_params.pkl
      hash: md5
      md5: fb78179398006142a6f51e1d4b2557a8
      size: 94
  train_model:
    cmd: python src/models/4_train_model.py data/processed_data 
      models/best_params.pkl models/trained_model.pkl
    deps:
    - path: data/processed_data/X_train_scaled.csv
      hash: md5
      md5: 2ae9ad49829e68d0be841d195f490fc0
      size: 256562
    - path: data/processed_data/y_train.csv
      hash: md5
      md5: a9cd9d91da89f732843d72548f64ded3
      size: 25951
    - path: models/best_params.pkl
      hash: md5
      md5: fb78179398006142a6f51e1d4b2557a8
      size: 94
    - path: src/models/4_train_model.py
      hash: md5
      md5: 9d7b430563478fe7a3fe7fbb4c8b649f
      size: 1667
    outs:
    - path: models/trained_model.pkl
      hash: md5
      md5: 43fb533ef7576cbce1e84f2338292acd
      size: 1565853
